// !$*UTF8*$!
{
	archiveVersion = 1;
	classes = {
	};
	objectVersion = 50;
	objects = {

/* Begin PBXBuildFile section */
		85201E3D20FC77CA003390FF /* AppDelegate.swift in Sources */ = {isa = PBXBuildFile; fileRef = 85201E3C20FC77CA003390FF /* AppDelegate.swift */; };
		85201E3F20FC77CA003390FF /* ViewController.swift in Sources */ = {isa = PBXBuildFile; fileRef = 85201E3E20FC77CA003390FF /* ViewController.swift */; };
		85201E4220FC77CA003390FF /* Main.storyboard in Resources */ = {isa = PBXBuildFile; fileRef = 85201E4020FC77CA003390FF /* Main.storyboard */; };
		85201E4520FC77CA003390FF /* Wheather_App_2.xcdatamodeld in Sources */ = {isa = PBXBuildFile; fileRef = 85201E4320FC77CA003390FF /* Wheather_App_2.xcdatamodeld */; };
		85201E4720FC77CC003390FF /* Assets.xcassets in Resources */ = {isa = PBXBuildFile; fileRef = 85201E4620FC77CC003390FF /* Assets.xcassets */; };
		85201E4A20FC77CC003390FF /* LaunchScreen.storyboard in Resources */ = {isa = PBXBuildFile; fileRef = 85201E4820FC77CC003390FF /* LaunchScreen.storyboard */; };
		85201E5520FC77CC003390FF /* Wheather_App_2Tests.swift in Sources */ = {isa = PBXBuildFile; fileRef = 85201E5420FC77CC003390FF /* Wheather_App_2Tests.swift */; };
		85201E6020FC77CC003390FF /* Wheather_App_2UITests.swift in Sources */ = {isa = PBXBuildFile; fileRef = 85201E5F20FC77CC003390FF /* Wheather_App_2UITests.swift */; };
/* End PBXBuildFile section */

/* Begin PBXContainerItemProxy section */
		85201E5120FC77CC003390FF /* PBXContainerItemProxy */ = {
			isa = PBXContainerItemProxy;
			containerPortal = 85201E3120FC77CA003390FF /* Project object */;
			proxyType = 1;
			remoteGlobalIDString = 85201E3820FC77CA003390FF;
			remoteInfo = "Wheather App 2";
		};
		85201E5C20FC77CC003390FF /* PBXContainerItemProxy */ = {
			isa = PBXContainerItemProxy;
			containerPortal = 85201E3120FC77CA003390FF /* Project object */;
			proxyType = 1;
			remoteGlobalIDString = 85201E3820FC77CA003390FF;
			remoteInfo = "Wheather App 2";
		};
/* End PBXContainerItemProxy section */

/* Begin PBXFileReference section */
		85201E3920FC77CA003390FF /* Wheather App 2.app */ = {isa = PBXFileReference; explicitFileType = wrapper.application; includeInIndex = 0; path = "Wheather App 2.app"; sourceTree = BUILT_PRODUCTS_DIR; };
		85201E3C20FC77CA003390FF /* AppDelegate.swift */ = {isa = PBXFileReference; lastKnownFileType = sourcecode.swift; path = AppDelegate.swift; sourceTree = "<group>"; };
		85201E3E20FC77CA003390FF /* ViewController.swift */ = {isa = PBXFileReference; lastKnownFileType = sourcecode.swift; path = ViewController.swift; sourceTree = "<group>"; };
		85201E4120FC77CA003390FF /* Base */ = {isa = PBXFileReference; lastKnownFileType = file.storyboard; name = Base; path = Base.lproj/Main.storyboard; sourceTree = "<group>"; };
		85201E4420FC77CA003390FF /* Wheather_App_2.xcdatamodel */ = {isa = PBXFileReference; lastKnownFileType = wrapper.xcdatamodel; path = Wheather_App_2.xcdatamodel; sourceTree = "<group>"; };
		85201E4620FC77CC003390FF /* Assets.xcassets */ = {isa = PBXFileReference; lastKnownFileType = folder.assetcatalog; path = Assets.xcassets; sourceTree = "<group>"; };
		85201E4920FC77CC003390FF /* Base */ = {isa = PBXFileReference; lastKnownFileType = file.storyboard; name = Base; path = Base.lproj/LaunchScreen.storyboard; sourceTree = "<group>"; };
		85201E4B20FC77CC003390FF /* Info.plist */ = {isa = PBXFileReference; lastKnownFileType = text.plist.xml; path = Info.plist; sourceTree = "<group>"; };
		85201E5020FC77CC003390FF /* Wheather App 2Tests.xctest */ = {isa = PBXFileReference; explicitFileType = wrapper.cfbundle; includeInIndex = 0; path = "Wheather App 2Tests.xctest"; sourceTree = BUILT_PRODUCTS_DIR; };
		85201E5420FC77CC003390FF /* Wheather_App_2Tests.swift */ = {isa = PBXFileReference; lastKnownFileType = sourcecode.swift; path = Wheather_App_2Tests.swift; sourceTree = "<group>"; };
		85201E5620FC77CC003390FF /* Info.plist */ = {isa = PBXFileReference; lastKnownFileType = text.plist.xml; path = Info.plist; sourceTree = "<group>"; };
		85201E5B20FC77CC003390FF /* Wheather App 2UITests.xctest */ = {isa = PBXFileReference; explicitFileType = wrapper.cfbundle; includeInIndex = 0; path = "Wheather App 2UITests.xctest"; sourceTree = BUILT_PRODUCTS_DIR; };
		85201E5F20FC77CC003390FF /* Wheather_App_2UITests.swift */ = {isa = PBXFileReference; lastKnownFileType = sourcecode.swift; path = Wheather_App_2UITests.swift; sourceTree = "<group>"; };
		85201E6120FC77CC003390FF /* Info.plist */ = {isa = PBXFileReference; lastKnownFileType = text.plist.xml; path = Info.plist; sourceTree = "<group>"; };
/* End PBXFileReference section */

/* Begin PBXFrameworksBuildPhase section */
		85201E3620FC77CA003390FF /* Frameworks */ = {
			isa = PBXFrameworksBuildPhase;
			buildActionMask = 2147483647;
			files = (
			);
			runOnlyForDeploymentPostprocessing = 0;
		};
		85201E4D20FC77CC003390FF /* Frameworks */ = {
			isa = PBXFrameworksBuildPhase;
			buildActionMask = 2147483647;
			files = (
			);
			runOnlyForDeploymentPostprocessing = 0;
		};
		85201E5820FC77CC003390FF /* Frameworks */ = {
			isa = PBXFrameworksBuildPhase;
			buildActionMask = 2147483647;
			files = (
			);
			runOnlyForDeploymentPostprocessing = 0;
		};
/* End PBXFrameworksBuildPhase section */

/* Begin PBXGroup section */
		85201E3020FC77CA003390FF = {
			isa = PBXGroup;
			children = (
				85201E3B20FC77CA003390FF /* Wheather App 2 */,
				85201E5320FC77CC003390FF /* Wheather App 2Tests */,
				85201E5E20FC77CC003390FF /* Wheather App 2UITests */,
				85201E3A20FC77CA003390FF /* Products */,
			);
			sourceTree = "<group>";
		};
		85201E3A20FC77CA003390FF /* Products */ = {
			isa = PBXGroup;
			children = (
				85201E3920FC77CA003390FF /* Wheather App 2.app */,
				85201E5020FC77CC003390FF /* Wheather App 2Tests.xctest */,
				85201E5B20FC77CC003390FF /* Wheather App 2UITests.xctest */,
			);
			name = Products;
			sourceTree = "<group>";
		};
		85201E3B20FC77CA003390FF /* Wheather App 2 */ = {
			isa = PBXGroup;
			children = (
				85201E3C20FC77CA003390FF /* AppDelegate.swift */,
				85201E3E20FC77CA003390FF /* ViewController.swift */,
				85201E4020FC77CA003390FF /* Main.storyboard */,
				85201E4620FC77CC003390FF /* Assets.xcassets */,
				85201E4820FC77CC003390FF /* LaunchScreen.storyboard */,
				85201E4B20FC77CC003390FF /* Info.plist */,
				85201E4320FC77CA003390FF /* Wheather_App_2.xcdatamodeld */,
			);
			path = "Wheather App 2";
			sourceTree = "<group>";
		};
		85201E5320FC77CC003390FF /* Wheather App 2Tests */ = {
			isa = PBXGroup;
			children = (
				85201E5420FC77CC003390FF /* Wheather_App_2Tests.swift */,
				85201E5620FC77CC003390FF /* Info.plist */,
			);
			path = "Wheather App 2Tests";
			sourceTree = "<group>";
		};
		85201E5E20FC77CC003390FF /* Wheather App 2UITests */ = {
			isa = PBXGroup;
			children = (
				85201E5F20FC77CC003390FF /* Wheather_App_2UITests.swift */,
				85201E6120FC77CC003390FF /* Info.plist */,
			);
			path = "Wheather App 2UITests";
			sourceTree = "<group>";
		};
/* End PBXGroup section */

/* Begin PBXNativeTarget section */
		85201E3820FC77CA003390FF /* Wheather App 2 */ = {
			isa = PBXNativeTarget;
			buildConfigurationList = 85201E6420FC77CC003390FF /* Build configuration list for PBXNativeTarget "Wheather App 2" */;
			buildPhases = (
				85201E3520FC77CA003390FF /* Sources */,
				85201E3620FC77CA003390FF /* Frameworks */,
				85201E3720FC77CA003390FF /* Resources */,
			);
			buildRules = (
			);
			dependencies = (
			);
			name = "Wheather App 2";
			productName = "Wheather App 2";
			productReference = 85201E3920FC77CA003390FF /* Wheather App 2.app */;
			productType = "com.apple.product-type.application";
		};
		85201E4F20FC77CC003390FF /* Wheather App 2Tests */ = {
			isa = PBXNativeTarget;
			buildConfigurationList = 85201E6720FC77CC003390FF /* Build configuration list for PBXNativeTarget "Wheather App 2Tests" */;
			buildPhases = (
				85201E4C20FC77CC003390FF /* Sources */,
				85201E4D20FC77CC003390FF /* Frameworks */,
				85201E4E20FC77CC003390FF /* Resources */,
			);
			buildRules = (
			);
			dependencies = (
				85201E5220FC77CC003390FF /* PBXTargetDependency */,
			);
			name = "Wheather App 2Tests";
			productName = "Wheather App 2Tests";
			productReference = 85201E5020FC77CC003390FF /* Wheather App 2Tests.xctest */;
			productType = "com.apple.product-type.bundle.unit-test";
		};
		85201E5A20FC77CC003390FF /* Wheather App 2UITests */ = {
			isa = PBXNativeTarget;
			buildConfigurationList = 85201E6A20FC77CC003390FF /* Build configuration list for PBXNativeTarget "Wheather App 2UITests" */;
			buildPhases = (
				85201E5720FC77CC003390FF /* Sources */,
				85201E5820FC77CC003390FF /* Frameworks */,
				85201E5920FC77CC003390FF /* Resources */,
			);
			buildRules = (
			);
			dependencies = (
				85201E5D20FC77CC003390FF /* PBXTargetDependency */,
			);
			name = "Wheather App 2UITests";
			productName = "Wheather App 2UITests";
			productReference = 85201E5B20FC77CC003390FF /* Wheather App 2UITests.xctest */;
			productType = "com.apple.product-type.bundle.ui-testing";
		};
/* End PBXNativeTarget section */

/* Begin PBXProject section */
		85201E3120FC77CA003390FF /* Project object */ = {
			isa = PBXProject;
			attributes = {
				LastSwiftUpdateCheck = 0940;
				LastUpgradeCheck = 0940;
				ORGANIZATIONNAME = Adesso;
				TargetAttributes = {
					85201E3820FC77CA003390FF = {
						CreatedOnToolsVersion = 9.4.1;
					};
					85201E4F20FC77CC003390FF = {
						CreatedOnToolsVersion = 9.4.1;
						TestTargetID = 85201E3820FC77CA003390FF;
					};
					85201E5A20FC77CC003390FF = {
						CreatedOnToolsVersion = 9.4.1;
						TestTargetID = 85201E3820FC77CA003390FF;
					};
				};
			};
			buildConfigurationList = 85201E3420FC77CA003390FF /* Build configuration list for PBXProject "Wheather App 2" */;
			compatibilityVersion = "Xcode 9.3";
			developmentRegion = en;
			hasScannedForEncodings = 0;
			knownRegions = (
				en,
				Base,
			);
			mainGroup = 85201E3020FC77CA003390FF;
			productRefGroup = 85201E3A20FC77CA003390FF /* Products */;
			projectDirPath = "";
			projectRoot = "";
			targets = (
				85201E3820FC77CA003390FF /* Wheather App 2 */,
				85201E4F20FC77CC003390FF /* Wheather App 2Tests */,
				85201E5A20FC77CC003390FF /* Wheather App 2UITests */,
			);
		};
/* End PBXProject section */

/* Begin PBXResourcesBuildPhase section */
		85201E3720FC77CA003390FF /* Resources */ = {
			isa = PBXResourcesBuildPhase;
			buildActionMask = 2147483647;
			files = (
				85201E4A20FC77CC003390FF /* LaunchScreen.storyboard in Resources */,
				85201E4720FC77CC003390FF /* Assets.xcassets in Resources */,
				85201E4220FC77CA003390FF /* Main.storyboard in Resources */,
			);
			runOnlyForDeploymentPostprocessing = 0;
		};
		85201E4E20FC77CC003390FF /* Resources */ = {
			isa = PBXResourcesBuildPhase;
			buildActionMask = 2147483647;
			files = (
			);
			runOnlyForDeploymentPostprocessing = 0;
		};
		85201E5920FC77CC003390FF /* Resources */ = {
			isa = PBXResourcesBuildPhase;
			buildActionMask = 2147483647;
			files = (
			);
			runOnlyForDeploymentPostprocessing = 0;
		};
/* End PBXResourcesBuildPhase section */

/* Begin PBXSourcesBuildPhase section */
		85201E3520FC77CA003390FF /* Sources */ = {
			isa = PBXSourcesBuildPhase;
			buildActionMask = 2147483647;
			files = (
				85201E3F20FC77CA003390FF /* ViewController.swift in Sources */,
				85201E3D20FC77CA003390FF /* AppDelegate.swift in Sources */,
				85201E4520FC77CA003390FF /* Wheather_App_2.xcdatamodeld in Sources */,
			);
			runOnlyForDeploymentPostprocessing = 0;
		};
		85201E4C20FC77CC003390FF /* Sources */ = {
			isa = PBXSourcesBuildPhase;
			buildActionMask = 2147483647;
			files = (
				85201E5520FC77CC003390FF /* Wheather_App_2Tests.swift in Sources */,
			);
			runOnlyForDeploymentPostprocessing = 0;
		};
		85201E5720FC77CC003390FF /* Sources */ = {
			isa = PBXSourcesBuildPhase;
			buildActionMask = 2147483647;
			files = (
				85201E6020FC77CC003390FF /* Wheather_App_2UITests.swift in Sources */,
			);
			runOnlyForDeploymentPostprocessing = 0;
		};
/* End PBXSourcesBuildPhase section */

/* Begin PBXTargetDependency section */
		85201E5220FC77CC003390FF /* PBXTargetDependency */ = {
			isa = PBXTargetDependency;
			target = 85201E3820FC77CA003390FF /* Wheather App 2 */;
			targetProxy = 85201E5120FC77CC003390FF /* PBXContainerItemProxy */;
		};
		85201E5D20FC77CC003390FF /* PBXTargetDependency */ = {
			isa = PBXTargetDependency;
			target = 85201E3820FC77CA003390FF /* Wheather App 2 */;
			targetProxy = 85201E5C20FC77CC003390FF /* PBXContainerItemProxy */;
		};
/* End PBXTargetDependency section */

/* Begin PBXVariantGroup section */
		85201E4020FC77CA003390FF /* Main.storyboard */ = {
			isa = PBXVariantGroup;
			children = (
				85201E4120FC77CA003390FF /* Base */,
			);
			name = Main.storyboard;
			sourceTree = "<group>";
		};
		85201E4820FC77CC003390FF /* LaunchScreen.storyboard */ = {
			isa = PBXVariantGroup;
			children = (
				85201E4920FC77CC003390FF /* Base */,
			);
			name = LaunchScreen.storyboard;
			sourceTree = "<group>";
		};
/* End PBXVariantGroup section */

/* Begin XCBuildConfiguration section */
		85201E6220FC77CC003390FF /* Debug */ = {
			isa = XCBuildConfiguration;
			buildSettings = {
				ALWAYS_SEARCH_USER_PATHS = NO;
				CLANG_ANALYZER_NONNULL = YES;
				CLANG_ANALYZER_NUMBER_OBJECT_CONVERSION = YES_AGGRESSIVE;
				CLANG_CXX_LANGUAGE_STANDARD = "gnu++14";
				CLANG_CXX_LIBRARY = "libc++";
				CLANG_ENABLE_MODULES = YES;
				CLANG_ENABLE_OBJC_ARC = YES;
				CLANG_ENABLE_OBJC_WEAK = YES;
				CLANG_WARN_BLOCK_CAPTURE_AUTORELEASING = YES;
				CLANG_WARN_BOOL_CONVERSION = YES;
				CLANG_WARN_COMMA = YES;
				CLANG_WARN_CONSTANT_CONVERSION = YES;
				CLANG_WARN_DEPRECATED_OBJC_IMPLEMENTATIONS = YES;
				CLANG_WARN_DIRECT_OBJC_ISA_USAGE = YES_ERROR;
				CLANG_WARN_DOCUMENTATION_COMMENTS = YES;
				CLANG_WARN_EMPTY_BODY = YES;
				CLANG_WARN_ENUM_CONVERSION = YES;
				CLANG_WARN_INFINITE_RECURSION = YES;
				CLANG_WARN_INT_CONVERSION = YES;
				CLANG_WARN_NON_LITERAL_NULL_CONVERSION = YES;
				CLANG_WARN_OBJC_IMPLICIT_RETAIN_SELF = YES;
				CLANG_WARN_OBJC_LITERAL_CONVERSION = YES;
				CLANG_WARN_OBJC_ROOT_CLASS = YES_ERROR;
				CLANG_WARN_RANGE_LOOP_ANALYSIS = YES;
				CLANG_WARN_STRICT_PROTOTYPES = YES;
				CLANG_WARN_SUSPICIOUS_MOVE = YES;
				CLANG_WARN_UNGUARDED_AVAILABILITY = YES_AGGRESSIVE;
				CLANG_WARN_UNREACHABLE_CODE = YES;
				CLANG_WARN__DUPLICATE_METHOD_MATCH = YES;
				CODE_SIGN_IDENTITY = "iPhone Developer";
				COPY_PHASE_STRIP = NO;
				DEBUG_INFORMATION_FORMAT = dwarf;
				ENABLE_STRICT_OBJC_MSGSEND = YES;
				ENABLE_TESTABILITY = YES;
				GCC_C_LANGUAGE_STANDARD = gnu11;
				GCC_DYNAMIC_NO_PIC = NO;
				GCC_NO_COMMON_BLOCKS = YES;
				GCC_OPTIMIZATION_LEVEL = 0;
				GCC_PREPROCESSOR_DEFINITIONS = (
					"DEBUG=1",
					"$(inherited)",
				);
				GCC_WARN_64_TO_32_BIT_CONVERSION = YES;
				GCC_WARN_ABOUT_RETURN_TYPE = YES_ERROR;
				GCC_WARN_UNDECLARED_SELECTOR = YES;
				GCC_WARN_UNINITIALIZED_AUTOS = YES_AGGRESSIVE;
				GCC_WARN_UNUSED_FUNCTION = YES;
				GCC_WARN_UNUSED_VARIABLE = YES;
				IPHONEOS_DEPLOYMENT_TARGET = 11.4;
				MTL_ENABLE_DEBUG_INFO = YES;
				ONLY_ACTIVE_ARCH = YES;
				SDKROOT = iphoneos;
				SWIFT_ACTIVE_COMPILATION_CONDITIONS = DEBUG;
				SWIFT_OPTIMIZATION_LEVEL = "-Onone";
			};
			name = Debug;
		};
		85201E6320FC77CC003390FF /* Release */ = {
			isa = XCBuildConfiguration;
			buildSettings = {
				ALWAYS_SEARCH_USER_PATHS = NO;
				CLANG_ANALYZER_NONNULL = YES;
				CLANG_ANALYZER_NUMBER_OBJECT_CONVERSION = YES_AGGRESSIVE;
				CLANG_CXX_LANGUAGE_STANDARD = "gnu++14";
				CLANG_CXX_LIBRARY = "libc++";
				CLANG_ENABLE_MODULES = YES;
				CLANG_ENABLE_OBJC_ARC = YES;
				CLANG_ENABLE_OBJC_WEAK = YES;
				CLANG_WARN_BLOCK_CAPTURE_AUTORELEASING = YES;
				CLANG_WARN_BOOL_CONVERSION = YES;
				CLANG_WARN_COMMA = YES;
				CLANG_WARN_CONSTANT_CONVERSION = YES;
				CLANG_WARN_DEPRECATED_OBJC_IMPLEMENTATIONS = YES;
				CLANG_WARN_DIRECT_OBJC_ISA_USAGE = YES_ERROR;
				CLANG_WARN_DOCUMENTATION_COMMENTS = YES;
				CLANG_WARN_EMPTY_BODY = YES;
				CLANG_WARN_ENUM_CONVERSION = YES;
				CLANG_WARN_INFINITE_RECURSION = YES;
				CLANG_WARN_INT_CONVERSION = YES;
				CLANG_WARN_NON_LITERAL_NULL_CONVERSION = YES;
				CLANG_WARN_OBJC_IMPLICIT_RETAIN_SELF = YES;
				CLANG_WARN_OBJC_LITERAL_CONVERSION = YES;
				CLANG_WARN_OBJC_ROOT_CLASS = YES_ERROR;
				CLANG_WARN_RANGE_LOOP_ANALYSIS = YES;
				CLANG_WARN_STRICT_PROTOTYPES = YES;
				CLANG_WARN_SUSPICIOUS_MOVE = YES;
				CLANG_WARN_UNGUARDED_AVAILABILITY = YES_AGGRESSIVE;
				CLANG_WARN_UNREACHABLE_CODE = YES;
				CLANG_WARN__DUPLICATE_METHOD_MATCH = YES;
				CODE_SIGN_IDENTITY = "iPhone Developer";
				COPY_PHASE_STRIP = NO;
				DEBUG_INFORMATION_FORMAT = "dwarf-with-dsym";
				ENABLE_NS_ASSERTIONS = NO;
				ENABLE_STRICT_OBJC_MSGSEND = YES;
				GCC_C_LANGUAGE_STANDARD = gnu11;
				GCC_NO_COMMON_BLOCKS = YES;
				GCC_WARN_64_TO_32_BIT_CONVERSION = YES;
				GCC_WARN_ABOUT_RETURN_TYPE = YES_ERROR;
				GCC_WARN_UNDECLARED_SELECTOR = YES;
				GCC_WARN_UNINITIALIZED_AUTOS = YES_AGGRESSIVE;
				GCC_WARN_UNUSED_FUNCTION = YES;
				GCC_WARN_UNUSED_VARIABLE = YES;
				IPHONEOS_DEPLOYMENT_TARGET = 11.4;
				MTL_ENABLE_DEBUG_INFO = NO;
				SDKROOT = iphoneos;
				SWIFT_COMPILATION_MODE = wholemodule;
				SWIFT_OPTIMIZATION_LEVEL = "-O";
				VALIDATE_PRODUCT = YES;
			};
			name = Release;
		};
		85201E6520FC77CC003390FF /* Debug */ = {
			isa = XCBuildConfiguration;
			buildSettings = {
				ASSETCATALOG_COMPILER_APPICON_NAME = AppIcon;
				CODE_SIGN_STYLE = Automatic;
				DEVELOPMENT_TEAM = 4Y7HE698XG;
				INFOPLIST_FILE = "Wheather App 2/Info.plist";
				LD_RUNPATH_SEARCH_PATHS = (
					"$(inherited)",
					"@executable_path/Frameworks",
				);
				PRODUCT_BUNDLE_IDENTIFIER = "Adesso.Wheather-App-2";
				PRODUCT_NAME = "$(TARGET_NAME)";
				SWIFT_VERSION = 4.0;
				TARGETED_DEVICE_FAMILY = "1,2";
			};
			name = Debug;
		};
		85201E6620FC77CC003390FF /* Release */ = {
			isa = XCBuildConfiguration;
			buildSettings = {
				ASSETCATALOG_COMPILER_APPICON_NAME = AppIcon;
				CODE_SIGN_STYLE = Automatic;
				DEVELOPMENT_TEAM = 4Y7HE698XG;
				INFOPLIST_FILE = "Wheather App 2/Info.plist";
				LD_RUNPATH_SEARCH_PATHS = (
					"$(inherited)",
					"@executable_path/Frameworks",
				);
				PRODUCT_BUNDLE_IDENTIFIER = "Adesso.Wheather-App-2";
				PRODUCT_NAME = "$(TARGET_NAME)";
				SWIFT_VERSION = 4.0;
				TARGETED_DEVICE_FAMILY = "1,2";
			};
			name = Release;
		};
		85201E6820FC77CC003390FF /* Debug */ = {
			isa = XCBuildConfiguration;
			buildSettings = {
				ALWAYS_EMBED_SWIFT_STANDARD_LIBRARIES = YES;
				BUNDLE_LOADER = "$(TEST_HOST)";
				CODE_SIGN_STYLE = Automatic;
				DEVELOPMENT_TEAM = 4Y7HE698XG;
				INFOPLIST_FILE = "Wheather App 2Tests/Info.plist";
				LD_RUNPATH_SEARCH_PATHS = (
					"$(inherited)",
					"@executable_path/Frameworks",
					"@loader_path/Frameworks",
				);
				PRODUCT_BUNDLE_IDENTIFIER = "Adesso.Wheather-App-2Tests";
				PRODUCT_NAME = "$(TARGET_NAME)";
				SWIFT_VERSION = 4.0;
				TARGETED_DEVICE_FAMILY = "1,2";
				TEST_HOST = "$(BUILT_PRODUCTS_DIR)/Wheather App 2.app/Wheather App 2";
			};
			name = Debug;
		};
		85201E6920FC77CC003390FF /* Release */ = {
			isa = XCBuildConfiguration;
			buildSettings = {
				ALWAYS_EMBED_SWIFT_STANDARD_LIBRARIES = YES;
				BUNDLE_LOADER = "$(TEST_HOST)";
				CODE_SIGN_STYLE = Automatic;
				DEVELOPMENT_TEAM = 4Y7HE698XG;
				INFOPLIST_FILE = "Wheather App 2Tests/Info.plist";
				LD_RUNPATH_SEARCH_PATHS = (
					"$(inherited)",
					"@executable_path/Frameworks",
					"@loader_path/Frameworks",
				);
				PRODUCT_BUNDLE_IDENTIFIER = "Adesso.Wheather-App-2Tests";
				PRODUCT_NAME = "$(TARGET_NAME)";
				SWIFT_VERSION = 4.0;
				TARGETED_DEVICE_FAMILY = "1,2";
				TEST_HOST = "$(BUILT_PRODUCTS_DIR)/Wheather App 2.app/Wheather App 2";
			};
			name = Release;
		};
		85201E6B20FC77CC003390FF /* Debug */ = {
			isa = XCBuildConfiguration;
			buildSettings = {
				ALWAYS_EMBED_SWIFT_STANDARD_LIBRARIES = YES;
				CODE_SIGN_STYLE = Automatic;
				DEVELOPMENT_TEAM = 4Y7HE698XG;
				INFOPLIST_FILE = "Wheather App 2UITests/Info.plist";
				LD_RUNPATH_SEARCH_PATHS = (
					"$(inherited)",
					"@executable_path/Frameworks",
					"@loader_path/Frameworks",
				);
				PRODUCT_BUNDLE_IDENTIFIER = "Adesso.Wheather-App-2UITests";
				PRODUCT_NAME = "$(TARGET_NAME)";
				SWIFT_VERSION = 4.0;
				TARGETED_DEVICE_FAMILY = "1,2";
				TEST_TARGET_NAME = "Wheather App 2";
			};
			name = Debug;
		};
		85201E6C20FC77CC003390FF /* Release */ = {
			isa = XCBuildConfiguration;
			buildSettings = {
				ALWAYS_EMBED_SWIFT_STANDARD_LIBRARIES = YES;
				CODE_SIGN_STYLE = Automatic;
				DEVELOPMENT_TEAM = 4Y7HE698XG;
				INFOPLIST_FILE = "Wheather App 2UITests/Info.plist";
				LD_RUNPATH_SEARCH_PATHS = (
					"$(inherited)",
					"@executable_path/Frameworks",
					"@loader_path/Frameworks",
				);
				PRODUCT_BUNDLE_IDENTIFIER = "Adesso.Wheather-App-2UITests";
				PRODUCT_NAME = "$(TARGET_NAME)";
				SWIFT_VERSION = 4.0;
				TARGETED_DEVICE_FAMILY = "1,2";
				TEST_TARGET_NAME = "Wheather App 2";
			};
			name = Release;
		};
/* End XCBuildConfiguration section */

/* Begin XCConfigurationList section */
		85201E3420FC77CA003390FF /* Build configuration list for PBXProject "Wheather App 2" */ = {
			isa = XCConfigurationList;
			buildConfigurations = (
				85201E6220FC77CC003390FF /* Debug */,
				85201E6320FC77CC003390FF /* Release */,
			);
			defaultConfigurationIsVisible = 0;
			defaultConfigurationName = Release;
		};
		85201E6420FC77CC003390FF /* Build configuration list for PBXNativeTarget "Wheather App 2" */ = {
			isa = XCConfigurationList;
			buildConfigurations = (
				85201E6520FC77CC003390FF /* Debug */,
				85201E6620FC77CC003390FF /* Release */,
			);
			defaultConfigurationIsVisible = 0;
			defaultConfigurationName = Release;
		};
		85201E6720FC77CC003390FF /* Build configuration list for PBXNativeTarget "Wheather App 2Tests" */ = {
			isa = XCConfigurationList;
			buildConfigurations = (
				85201E6820FC77CC003390FF /* Debug */,
				85201E6920FC77CC003390FF /* Release */,
			);
			defaultConfigurationIsVisible = 0;
			defaultConfigurationName = Release;
		};
		85201E6A20FC77CC003390FF /* Build configuration list for PBXNativeTarget "Wheather App 2UITests" */ = {
			isa = XCConfigurationList;
			buildConfigurations = (
				85201E6B20FC77CC003390FF /* Debug */,
				85201E6C20FC77CC003390FF /* Release */,
			);
			defaultConfigurationIsVisible = 0;
			defaultConfigurationName = Release;
		};
/* End XCConfigurationList section */

/* Begin XCVersionGroup section */
		85201E4320FC77CA003390FF /* Wheather_App_2.xcdatamodeld */ = {
			isa = XCVersionGroup;
			children = (
				85201E4420FC77CA003390FF /* Wheather_App_2.xcdatamodel */,
			);
			currentVersion = 85201E4420FC77CA003390FF /* Wheather_App_2.xcdatamodel */;
			path = Wheather_App_2.xcdatamodeld;
			sourceTree = "<group>";
			versionGroupType = wrapper.xcdatamodel;
		};
/* End XCVersionGroup section */
	};
	rootObject = 85201E3120FC77CA003390FF /* Project object */;
}
